
Microsoft Visual Studio Solution File, Format Version 12.00
# Visual Studio Version 17
VisualStudioVersion = 17.0.31903.59
MinimumVisualStudioVersion = 10.0.40219.1
Project("{2150E333-8FDC-42A3-9474-1A3956D46DE8}") = "src", "src", "{827E0CD3-B72D-47B6-A68D-7590B98EB39B}"
EndProject
Project("{FAE04EC0-301F-11D3-BF4B-00C04F79EFBC}") = "PinkRooster.WebLens.Api", "src\PinkRooster.WebLens.Api\PinkRooster.WebLens.Api.csproj", "{A3585B67-6A15-4538-87F0-0FF3BA7DBB75}"
EndProject
Project("{FAE04EC0-301F-11D3-BF4B-00C04F79EFBC}") = "PinkRooster.WebLens.Search", "src\PinkRooster.WebLens.Search\PinkRooster.WebLens.Search.csproj", "{81775706-5969-4172-B236-3D8C1320C4B7}"
EndProject
Project("{FAE04EC0-301F-11D3-BF4B-00C04F79EFBC}") = "PinkRooster.WebLens.Fetch", "src\PinkRooster.WebLens.Fetch\PinkRooster.WebLens.Fetch.csproj", "{E8415922-85B6-4E79-B877-1373E7808782}"
EndProject
Project("{2150E333-8FDC-42A3-9474-1A3956D46DE8}") = "tests", "tests", "{0AB3BF05-4346-4AA6-1389-037BE0695223}"
EndProject
Project("{FAE04EC0-301F-11D3-BF4B-00C04F79EFBC}") = "PinkRooster.WebLens.Api.Tests", "tests\PinkRooster.WebLens.Api.Tests\PinkRooster.WebLens.Api.Tests.csproj", "{450C9205-D091-440F-B97D-CD365FA29AB6}"
EndProject
Project("{FAE04EC0-301F-11D3-BF4B-00C04F79EFBC}") = "PinkRooster.WebLens.Architecture.Tests", "tests\PinkRooster.WebLens.Architecture.Tests\PinkRooster.WebLens.Architecture.Tests.csproj", "{39929804-B985-4969-9B38-A6289CCC11D4}"
EndProject
Project("{FAE04EC0-301F-11D3-BF4B-00C04F79EFBC}") = "PinkRooster.WebLens.Fetch.BrowserTests", "tests\PinkRooster.WebLens.Fetch.BrowserTests\PinkRooster.WebLens.Fetch.BrowserTests.csproj", "{4A514433-8660-4835-A9A0-EC6A307C3E04}"
EndProject
Project("{FAE04EC0-301F-11D3-BF4B-00C04F79EFBC}") = "PinkRooster.WebLens.Fetch.Tests", "tests\PinkRooster.WebLens.Fetch.Tests\PinkRooster.WebLens.Fetch.Tests.csproj", "{DE375047-3358-4A66-8A8B-AE9F20BBDED7}"
EndProject
Project("{FAE04EC0-301F-11D3-BF4B-00C04F79EFBC}") = "PinkRooster.WebLens.Search.Tests", "tests\PinkRooster.WebLens.Search.Tests\PinkRooster.WebLens.Search.Tests.csproj", "{3AE316DA-EE1D-476B-865C-7BC36F6A8638}"
EndProject
Global
	GlobalSection(SolutionConfigurationPlatforms) = preSolution
		Debug|Any CPU = Debug|Any CPU
		Debug|x64 = Debug|x64
		Debug|x86 = Debug|x86
		Release|Any CPU = Release|Any CPU
		Release|x64 = Release|x64
		Release|x86 = Release|x86
	EndGlobalSection
	GlobalSection(ProjectConfigurationPlatforms) = postSolution
		{A3585B67-6A15-4538-87F0-0FF3BA7DBB75}.Debug|Any CPU.ActiveCfg = Debug|Any CPU
		{A3585B67-6A15-4538-87F0-0FF3BA7DBB75}.Debug|Any CPU.Build.0 = Debug|Any CPU
		{A3585B67-6A15-4538-87F0-0FF3BA7DBB75}.Debug|x64.ActiveCfg = Debug|Any CPU
		{A3585B67-6A15-4538-87F0-0FF3BA7DBB75}.Debug|x64.Build.0 = Debug|Any CPU
		{A3585B67-6A15-4538-87F0-0FF3BA7DBB75}.Debug|x86.ActiveCfg = Debug|Any CPU
		{A3585B67-6A15-4538-87F0-0FF3BA7DBB75}.Debug|x86.Build.0 = Debug|Any CPU
		{A3585B67-6A15-4538-87F0-0FF3BA7DBB75}.Release|Any CPU.ActiveCfg = Release|Any CPU
		{A3585B67-6A15-4538-87F0-0FF3BA7DBB75}.Release|Any CPU.Build.0 = Release|Any CPU
		{A3585B67-6A15-4538-87F0-0FF3BA7DBB75}.Release|x64.ActiveCfg = Release|Any CPU
		{A3585B67-6A15-4538-87F0-0FF3BA7DBB75}.Release|x64.Build.0 = Release|Any CPU
		{A3585B67-6A15-4538-87F0-0FF3BA7DBB75}.Release|x86.ActiveCfg = Release|Any CPU
		{A3585B67-6A15-4538-87F0-0FF3BA7DBB75}.Release|x86.Build.0 = Release|Any CPU
		{81775706-5969-4172-B236-3D8C1320C4B7}.Debug|Any CPU.ActiveCfg = Debug|Any CPU
		{81775706-5969-4172-B236-3D8C1320C4B7}.Debug|Any CPU.Build.0 = Debug|Any CPU
		{81775706-5969-4172-B236-3D8C1320C4B7}.Debug|x64.ActiveCfg = Debug|Any CPU
		{81775706-5969-4172-B236-3D8C1320C4B7}.Debug|x64.Build.0 = Debug|Any CPU
		{81775706-5969-4172-B236-3D8C1320C4B7}.Debug|x86.ActiveCfg = Debug|Any CPU
		{81775706-5969-4172-B236-3D8C1320C4B7}.Debug|x86.Build.0 = Debug|Any CPU
		{81775706-5969-4172-B236-3D8C1320C4B7}.Release|Any CPU.ActiveCfg = Release|Any CPU
		{81775706-5969-4172-B236-3D8C1320C4B7}.Release|Any CPU.Build.0 = Release|Any CPU
		{81775706-5969-4172-B236-3D8C1320C4B7}.Release|x64.ActiveCfg = Release|Any CPU
		{81775706-5969-4172-B236-3D8C1320C4B7}.Release|x64.Build.0 = Release|Any CPU
		{81775706-5969-4172-B236-3D8C1320C4B7}.Release|x86.ActiveCfg = Release|Any CPU
		{81775706-5969-4172-B236-3D8C1320C4B7}.Release|x86.Build.0 = Release|Any CPU
		{E8415922-85B6-4E79-B877-1373E7808782}.Debug|Any CPU.ActiveCfg = Debug|Any CPU
		{E8415922-85B6-4E79-B877-1373E7808782}.Debug|Any CPU.Build.0 = Debug|Any CPU
		{E8415922-85B6-4E79-B877-1373E7808782}.Debug|x64.ActiveCfg = Debug|Any CPU
		{E8415922-85B6-4E79-B877-1373E7808782}.Debug|x64.Build.0 = Debug|Any CPU
		{E8415922-85B6-4E79-B877-1373E7808782}.Debug|x86.ActiveCfg = Debug|Any CPU
		{E8415922-85B6-4E79-B877-1373E7808782}.Debug|x86.Build.0 = Debug|Any CPU
		{E8415922-85B6-4E79-B877-1373E7808782}.Release|Any CPU.ActiveCfg = Release|Any CPU
		{E8415922-85B6-4E79-B877-1373E7808782}.Release|Any CPU.Build.0 = Release|Any CPU
		{E8415922-85B6-4E79-B877-1373E7808782}.Release|x64.ActiveCfg = Release|Any CPU
		{E8415922-85B6-4E79-B877-1373E7808782}.Release|x64.Build.0 = Release|Any CPU
		{E8415922-85B6-4E79-B877-1373E7808782}.Release|x86.ActiveCfg = Release|Any CPU
		{E8415922-85B6-4E79-B877-1373E7808782}.Release|x86.Build.0 = Release|Any CPU
		{450C9205-D091-440F-B97D-CD365FA29AB6}.Debug|Any CPU.ActiveCfg = Debug|Any CPU
		{450C9205-D091-440F-B97D-CD365FA29AB6}.Debug|Any CPU.Build.0 = Debug|Any CPU
		{450C9205-D091-440F-B97D-CD365FA29AB6}.Debug|x64.ActiveCfg = Debug|Any CPU
		{450C9205-D091-440F-B97D-CD365FA29AB6}.Debug|x64.Build.0 = Debug|Any CPU
		{450C9205-D091-440F-B97D-CD365FA29AB6}.Debug|x86.ActiveCfg = Debug|Any CPU
		{450C9205-D091-440F-B97D-CD365FA29AB6}.Debug|x86.Build.0 = Debug|Any CPU
		{450C9205-D091-440F-B97D-CD365FA29AB6}.Release|Any CPU.ActiveCfg = Release|Any CPU
		{450C9205-D091-440F-B97D-CD365FA29AB6}.Release|Any CPU.Build.0 = Release|Any CPU
		{450C9205-D091-440F-B97D-CD365FA29AB6}.Release|x64.ActiveCfg = Release|Any CPU
		{450C9205-D091-440F-B97D-CD365FA29AB6}.Release|x64.Build.0 = Release|Any CPU
		{450C9205-D091-440F-B97D-CD365FA29AB6}.Release|x86.ActiveCfg = Release|Any CPU
		{450C9205-D091-440F-B97D-CD365FA29AB6}.Release|x86.Build.0 = Release|Any CPU
		{39929804-B985-4969-9B38-A6289CCC11D4}.Debug|Any CPU.ActiveCfg = Debug|Any CPU
		{39929804-B985-4969-9B38-A6289CCC11D4}.Debug|Any CPU.Build.0 = Debug|Any CPU
		{39929804-B985-4969-9B38-A6289CCC11D4}.Debug|x64.ActiveCfg = Debug|Any CPU
		{39929804-B985-4969-9B38-A6289CCC11D4}.Debug|x64.Build.0 = Debug|Any CPU
		{39929804-B985-4969-9B38-A6289CCC11D4}.Debug|x86.ActiveCfg = Debug|Any CPU
		{39929804-B985-4969-9B38-A6289CCC11D4}.Debug|x86.Build.0 = Debug|Any CPU
		{39929804-B985-4969-9B38-A6289CCC11D4}.Release|Any CPU.ActiveCfg = Release|Any CPU
		{39929804-B985-4969-9B38-A6289CCC11D4}.Release|Any CPU.Build.0 = Release|Any CPU
		{39929804-B985-4969-9B38-A6289CCC11D4}.Release|x64.ActiveCfg = Release|Any CPU
		{39929804-B985-4969-9B38-A6289CCC11D4}.Release|x64.Build.0 = Release|Any CPU
		{39929804-B985-4969-9B38-A6289CCC11D4}.Release|x86.ActiveCfg = Release|Any CPU
		{39929804-B985-4969-9B38-A6289CCC11D4}.Release|x86.Build.0 = Release|Any CPU
		{4A514433-8660-4835-A9A0-EC6A307C3E04}.Debug|Any CPU.ActiveCfg = Debug|Any CPU
		{4A514433-8660-4835-A9A0-EC6A307C3E04}.Debug|Any CPU.Build.0 = Debug|Any CPU
		{4A514433-8660-4835-A9A0-EC6A307C3E04}.Debug|x64.ActiveCfg = Debug|Any CPU
		{4A514433-8660-4835-A9A0-EC6A307C3E04}.Debug|x64.Build.0 = Debug|Any CPU
		{4A514433-8660-4835-A9A0-EC6A307C3E04}.Debug|x86.ActiveCfg = Debug|Any CPU
		{4A514433-8660-4835-A9A0-EC6A307C3E04}.Debug|x86.Build.0 = Debug|Any CPU
		{4A514433-8660-4835-A9A0-EC6A307C3E04}.Release|Any CPU.ActiveCfg = Release|Any CPU
		{4A514433-8660-4835-A9A0-EC6A307C3E04}.Release|Any CPU.Build.0 = Release|Any CPU
		{4A514433-8660-4835-A9A0-EC6A307C3E04}.Release|x64.ActiveCfg = Release|Any CPU
		{4A514433-8660-4835-A9A0-EC6A307C3E04}.Release|x64.Build.0 = Release|Any CPU
		{4A514433-8660-4835-A9A0-EC6A307C3E04}.Release|x86.ActiveCfg = Release|Any CPU
		{4A514433-8660-4835-A9A0-EC6A307C3E04}.Release|x86.Build.0 = Release|Any CPU
		{DE375047-3358-4A66-8A8B-AE9F20BBDED7}.Debug|Any CPU.ActiveCfg = Debug|Any CPU
		{DE375047-3358-4A66-8A8B-AE9F20BBDED7}.Debug|Any CPU.Build.0 = Debug|Any CPU
		{DE375047-3358-4A66-8A8B-AE9F20BBDED7}.Debug|x64.ActiveCfg = Debug|Any CPU
		{DE375047-3358-4A66-8A8B-AE9F20BBDED7}.Debug|x64.Build.0 = Debug|Any CPU
		{DE375047-3358-4A66-8A8B-AE9F20BBDED7}.Debug|x86.ActiveCfg = Debug|Any CPU
		{DE375047-3358-4A66-8A8B-AE9F20BBDED7}.Debug|x86.Build.0 = Debug|Any CPU
		{DE375047-3358-4A66-8A8B-AE9F20BBDED7}.Release|Any CPU.ActiveCfg = Release|Any CPU
		{DE375047-3358-4A66-8A8B-AE9F20BBDED7}.Release|Any CPU.Build.0 = Release|Any CPU
		{DE375047-3358-4A66-8A8B-AE9F20BBDED7}.Release|x64.ActiveCfg = Release|Any CPU
		{DE375047-3358-4A66-8A8B-AE9F20BBDED7}.Release|x64.Build.0 = Release|Any CPU
		{DE375047-3358-4A66-8A8B-AE9F20BBDED7}.Release|x86.ActiveCfg = Release|Any CPU
		{DE375047-3358-4A66-8A8B-AE9F20BBDED7}.Release|x86.Build.0 = Release|Any CPU
		{3AE316DA-EE1D-476B-865C-7BC36F6A8638}.Debug|Any CPU.ActiveCfg = Debug|Any CPU
		{3AE316DA-EE1D-476B-865C-7BC36F6A8638}.Debug|Any CPU.Build.0 = Debug|Any CPU
		{3AE316DA-EE1D-476B-865C-7BC36F6A8638}.Debug|x64.ActiveCfg = Debug|Any CPU
		{3AE316DA-EE1D-476B-865C-7BC36F6A8638}.Debug|x64.Build.0 = Debug|Any CPU
		{3AE316DA-EE1D-476B-865C-7BC36F6A8638}.Debug|x86.ActiveCfg = Debug|Any CPU
		{3AE316DA-EE1D-476B-865C-7BC36F6A8638}.Debug|x86.Build.0 = Debug|Any CPU
		{3AE316DA-EE1D-476B-865C-7BC36F6A8638}.Release|Any CPU.ActiveCfg = Release|Any CPU
		{3AE316DA-EE1D-476B-865C-7BC36F6A8638}.Release|Any CPU.Build.0 = Release|Any CPU
		{3AE316DA-EE1D-476B-865C-7BC36F6A8638}.Release|x64.ActiveCfg = Release|Any CPU
		{3AE316DA-EE1D-476B-865C-7BC36F6A8638}.Release|x64.Build.0 = Release|Any CPU
		{3AE316DA-EE1D-476B-865C-7BC36F6A8638}.Release|x86.ActiveCfg = Release|Any CPU
		{3AE316DA-EE1D-476B-865C-7BC36F6A8638}.Release|x86.Build.0 = Release|Any CPU
	EndGlobalSection
	GlobalSection(SolutionProperties) = preSolution
		HideSolutionNode = FALSE
	EndGlobalSection
	GlobalSection(NestedProjects) = preSolution
		{A3585B67-6A15-4538-87F0-0FF3BA7DBB75} = {827E0CD3-B72D-47B6-A68D-7590B98EB39B}
		{81775706-5969-4172-B236-3D8C1320C4B7} = {827E0CD3-B72D-47B6-A68D-7590B98EB39B}
		{E8415922-85B6-4E79-B877-1373E7808782} = {827E0CD3-B72D-47B6-A68D-7590B98EB39B}
		{450C9205-D091-440F-B97D-CD365FA29AB6} = {0AB3BF05-4346-4AA6-1389-037BE0695223}
		{39929804-B985-4969-9B38-A6289CCC11D4} = {0AB3BF05-4346-4AA6-1389-037BE0695223}
		{4A514433-8660-4835-A9A0-EC6A307C3E04} = {0AB3BF05-4346-4AA6-1389-037BE0695223}
		{DE375047-3358-4A66-8A8B-AE9F20BBDED7} = {0AB3BF05-4346-4AA6-1389-037BE0695223}
		{3AE316DA-EE1D-476B-865C-7BC36F6A8638} = {0AB3BF05-4346-4AA6-1389-037BE0695223}
	EndGlobalSection
EndGlobal
